
Microsoft Visual Studio Solution File, Format Version 12.00
# Visual Studio 15
VisualStudioVersion = 15.0.27130.2024
MinimumVisualStudioVersion = 10.0.40219.1
Project("{FAE04EC0-301F-11D3-BF4B-00C04F79EFBC}") = "ComputerShop.MVC", "ComputerShop.MVC\ComputerShop.MVC.csproj", "{8A276518-31D8-4A79-B454-FC51B42FE93B}"
EndProject
Project("{FAE04EC0-301F-11D3-BF4B-00C04F79EFBC}") = "ComputerShop.Tests", "ComputerShop.Tests\ComputerShop.Tests.csproj", "{21A76EB8-F2FA-418F-8451-48A30F527C8C}"
EndProject
Global
	GlobalSection(SolutionConfigurationPlatforms) = preSolution
		Debug|Any CPU = Debug|Any CPU
		Release|Any CPU = Release|Any CPU
	EndGlobalSection
	GlobalSection(ProjectConfigurationPlatforms) = postSolution
		{8A276518-31D8-4A79-B454-FC51B42FE93B}.Debug|Any CPU.ActiveCfg = Debug|Any CPU
		{8A276518-31D8-4A79-B454-FC51B42FE93B}.Debug|Any CPU.Build.0 = Debug|Any CPU
		{8A276518-31D8-4A79-B454-FC51B42FE93B}.Release|Any CPU.ActiveCfg = Release|Any CPU
		{8A276518-31D8-4A79-B454-FC51B42FE93B}.Release|Any CPU.Build.0 = Release|Any CPU
		{21A76EB8-F2FA-418F-8451-48A30F527C8C}.Debug|Any CPU.ActiveCfg = Debug|Any CPU
		{21A76EB8-F2FA-418F-8451-48A30F527C8C}.Debug|Any CPU.Build.0 = Debug|Any CPU
		{21A76EB8-F2FA-418F-8451-48A30F527C8C}.Release|Any CPU.ActiveCfg = Release|Any CPU
		{21A76EB8-F2FA-418F-8451-48A30F527C8C}.Release|Any CPU.Build.0 = Release|Any CPU
	EndGlobalSection
	GlobalSection(SolutionProperties) = preSolution
		HideSolutionNode = FALSE
	EndGlobalSection
	GlobalSection(ExtensibilityGlobals) = postSolution
		SolutionGuid = {B3E1960E-98D5-4719-9052-F0E4CC5A8C5C}
	EndGlobalSection
EndGlobal
